
Microsoft Visual Studio Solution File, Format Version 12.00
# Visual Studio Version 16
VisualStudioVersion = 16.0.29806.167
MinimumVisualStudioVersion = 10.0.40219.1
Project("{FAE04EC0-301F-11D3-BF4B-00C04F79EFBC}") = "Dominio", "Dominio\Dominio.csproj", "{986936B9-250B-47B4-8532-5104AFBF36EF}"
EndProject
Project("{FAE04EC0-301F-11D3-BF4B-00C04F79EFBC}") = "Core", "Core\Core.csproj", "{40C2893B-B8C0-4D05-BCDA-D1B266A9C492}"
EndProject
Project("{FAE04EC0-301F-11D3-BF4B-00C04F79EFBC}") = "EComLivro", "EComLivro\EComLivro.csproj", "{3F3042EC-3029-4DD9-8791-63FB7498BE41}"
EndProject
Global
	GlobalSection(SolutionConfigurationPlatforms) = preSolution
		Debug|Any CPU = Debug|Any CPU
		Debug|ARM = Debug|ARM
		Debug|ARM64 = Debug|ARM64
		Debug|x64 = Debug|x64
		Debug|x86 = Debug|x86
		Release|Any CPU = Release|Any CPU
		Release|ARM = Release|ARM
		Release|ARM64 = Release|ARM64
		Release|x64 = Release|x64
		Release|x86 = Release|x86
	EndGlobalSection
	GlobalSection(ProjectConfigurationPlatforms) = postSolution
		{986936B9-250B-47B4-8532-5104AFBF36EF}.Debug|Any CPU.ActiveCfg = Debug|Any CPU
		{986936B9-250B-47B4-8532-5104AFBF36EF}.Debug|Any CPU.Build.0 = Debug|Any CPU
		{986936B9-250B-47B4-8532-5104AFBF36EF}.Debug|ARM.ActiveCfg = Debug|Any CPU
		{986936B9-250B-47B4-8532-5104AFBF36EF}.Debug|ARM.Build.0 = Debug|Any CPU
		{986936B9-250B-47B4-8532-5104AFBF36EF}.Debug|ARM64.ActiveCfg = Debug|Any CPU
		{986936B9-250B-47B4-8532-5104AFBF36EF}.Debug|ARM64.Build.0 = Debug|Any CPU
		{986936B9-250B-47B4-8532-5104AFBF36EF}.Debug|x64.ActiveCfg = Debug|Any CPU
		{986936B9-250B-47B4-8532-5104AFBF36EF}.Debug|x64.Build.0 = Debug|Any CPU
		{986936B9-250B-47B4-8532-5104AFBF36EF}.Debug|x86.ActiveCfg = Debug|Any CPU
		{986936B9-250B-47B4-8532-5104AFBF36EF}.Debug|x86.Build.0 = Debug|Any CPU
		{986936B9-250B-47B4-8532-5104AFBF36EF}.Release|Any CPU.ActiveCfg = Release|Any CPU
		{986936B9-250B-47B4-8532-5104AFBF36EF}.Release|Any CPU.Build.0 = Release|Any CPU
		{986936B9-250B-47B4-8532-5104AFBF36EF}.Release|ARM.ActiveCfg = Release|Any CPU
		{986936B9-250B-47B4-8532-5104AFBF36EF}.Release|ARM.Build.0 = Release|Any CPU
		{986936B9-250B-47B4-8532-5104AFBF36EF}.Release|ARM64.ActiveCfg = Release|Any CPU
		{986936B9-250B-47B4-8532-5104AFBF36EF}.Release|ARM64.Build.0 = Release|Any CPU
		{986936B9-250B-47B4-8532-5104AFBF36EF}.Release|x64.ActiveCfg = Release|Any CPU
		{986936B9-250B-47B4-8532-5104AFBF36EF}.Release|x64.Build.0 = Release|Any CPU
		{986936B9-250B-47B4-8532-5104AFBF36EF}.Release|x86.ActiveCfg = Release|Any CPU
		{986936B9-250B-47B4-8532-5104AFBF36EF}.Release|x86.Build.0 = Release|Any CPU
		{40C2893B-B8C0-4D05-BCDA-D1B266A9C492}.Debug|Any CPU.ActiveCfg = Debug|Any CPU
		{40C2893B-B8C0-4D05-BCDA-D1B266A9C492}.Debug|Any CPU.Build.0 = Debug|Any CPU
		{40C2893B-B8C0-4D05-BCDA-D1B266A9C492}.Debug|ARM.ActiveCfg = Debug|Any CPU
		{40C2893B-B8C0-4D05-BCDA-D1B266A9C492}.Debug|ARM.Build.0 = Debug|Any CPU
		{40C2893B-B8C0-4D05-BCDA-D1B266A9C492}.Debug|ARM64.ActiveCfg = Debug|Any CPU
		{40C2893B-B8C0-4D05-BCDA-D1B266A9C492}.Debug|ARM64.Build.0 = Debug|Any CPU
		{40C2893B-B8C0-4D05-BCDA-D1B266A9C492}.Debug|x64.ActiveCfg = Debug|Any CPU
		{40C2893B-B8C0-4D05-BCDA-D1B266A9C492}.Debug|x64.Build.0 = Debug|Any CPU
		{40C2893B-B8C0-4D05-BCDA-D1B266A9C492}.Debug|x86.ActiveCfg = Debug|Any CPU
		{40C2893B-B8C0-4D05-BCDA-D1B266A9C492}.Debug|x86.Build.0 = Debug|Any CPU
		{40C2893B-B8C0-4D05-BCDA-D1B266A9C492}.Release|Any CPU.ActiveCfg = Release|Any CPU
		{40C2893B-B8C0-4D05-BCDA-D1B266A9C492}.Release|Any CPU.Build.0 = Release|Any CPU
		{40C2893B-B8C0-4D05-BCDA-D1B266A9C492}.Release|ARM.ActiveCfg = Release|Any CPU
		{40C2893B-B8C0-4D05-BCDA-D1B266A9C492}.Release|ARM.Build.0 = Release|Any CPU
		{40C2893B-B8C0-4D05-BCDA-D1B266A9C492}.Release|ARM64.ActiveCfg = Release|Any CPU
		{40C2893B-B8C0-4D05-BCDA-D1B266A9C492}.Release|ARM64.Build.0 = Release|Any CPU
		{40C2893B-B8C0-4D05-BCDA-D1B266A9C492}.Release|x64.ActiveCfg = Release|Any CPU
		{40C2893B-B8C0-4D05-BCDA-D1B266A9C492}.Release|x64.Build.0 = Release|Any CPU
		{40C2893B-B8C0-4D05-BCDA-D1B266A9C492}.Release|x86.ActiveCfg = Release|Any CPU
		{40C2893B-B8C0-4D05-BCDA-D1B266A9C492}.Release|x86.Build.0 = Release|Any CPU
		{3F3042EC-3029-4DD9-8791-63FB7498BE41}.Debug|Any CPU.ActiveCfg = Debug|Any CPU
		{3F3042EC-3029-4DD9-8791-63FB7498BE41}.Debug|Any CPU.Build.0 = Debug|Any CPU
		{3F3042EC-3029-4DD9-8791-63FB7498BE41}.Debug|ARM.ActiveCfg = Debug|Any CPU
		{3F3042EC-3029-4DD9-8791-63FB7498BE41}.Debug|ARM.Build.0 = Debug|Any CPU
		{3F3042EC-3029-4DD9-8791-63FB7498BE41}.Debug|ARM64.ActiveCfg = Debug|Any CPU
		{3F3042EC-3029-4DD9-8791-63FB7498BE41}.Debug|ARM64.Build.0 = Debug|Any CPU
		{3F3042EC-3029-4DD9-8791-63FB7498BE41}.Debug|x64.ActiveCfg = Debug|Any CPU
		{3F3042EC-3029-4DD9-8791-63FB7498BE41}.Debug|x64.Build.0 = Debug|Any CPU
		{3F3042EC-3029-4DD9-8791-63FB7498BE41}.Debug|x86.ActiveCfg = Debug|Any CPU
		{3F3042EC-3029-4DD9-8791-63FB7498BE41}.Debug|x86.Build.0 = Debug|Any CPU
		{3F3042EC-3029-4DD9-8791-63FB7498BE41}.Release|Any CPU.ActiveCfg = Release|Any CPU
		{3F3042EC-3029-4DD9-8791-63FB7498BE41}.Release|Any CPU.Build.0 = Release|Any CPU
		{3F3042EC-3029-4DD9-8791-63FB7498BE41}.Release|ARM.ActiveCfg = Release|Any CPU
		{3F3042EC-3029-4DD9-8791-63FB7498BE41}.Release|ARM.Build.0 = Release|Any CPU
		{3F3042EC-3029-4DD9-8791-63FB7498BE41}.Release|ARM64.ActiveCfg = Release|Any CPU
		{3F3042EC-3029-4DD9-8791-63FB7498BE41}.Release|ARM64.Build.0 = Release|Any CPU
		{3F3042EC-3029-4DD9-8791-63FB7498BE41}.Release|x64.ActiveCfg = Release|Any CPU
		{3F3042EC-3029-4DD9-8791-63FB7498BE41}.Release|x64.Build.0 = Release|Any CPU
		{3F3042EC-3029-4DD9-8791-63FB7498BE41}.Release|x86.ActiveCfg = Release|Any CPU
		{3F3042EC-3029-4DD9-8791-63FB7498BE41}.Release|x86.Build.0 = Release|Any CPU
	EndGlobalSection
	GlobalSection(SolutionProperties) = preSolution
		HideSolutionNode = FALSE
	EndGlobalSection
	GlobalSection(ExtensibilityGlobals) = postSolution
		SolutionGuid = {B5D4C195-FBC7-4781-BD3F-7EDCBE8675A1}
	EndGlobalSection
EndGlobal
